// !$*UTF8*$!
{
	archiveVersion = 1;
	classes = {
	};
	objectVersion = 48;
	objects = {

/* Begin PBXBuildFile section */
		1572D75CD1AE8400F712AB35 /* Pods_MyBooks.framework in Frameworks */ = {isa = PBXBuildFile; fileRef = 29D4CEEB36B8581B355D17CB /* Pods_MyBooks.framework */; };
		F104538D2007E0C2000035AC /* VCExtension.swift in Sources */ = {isa = PBXBuildFile; fileRef = F104538C2007E0C2000035AC /* VCExtension.swift */; };
		F10E6CDB200625B10075E6C3 /* Book.swift in Sources */ = {isa = PBXBuildFile; fileRef = F10E6CDA200625B10075E6C3 /* Book.swift */; };
		F10E6CDD200626A20075E6C3 /* Library.swift in Sources */ = {isa = PBXBuildFile; fileRef = F10E6CDC200626A20075E6C3 /* Library.swift */; };
		F15AADAA20054C5500BEB80F /* XMLResult.swift in Sources */ = {isa = PBXBuildFile; fileRef = F15AADA920054C5500BEB80F /* XMLResult.swift */; };
		F1C6815D2007B13B002703CA /* GoogleService-Info.plist in Resources */ = {isa = PBXBuildFile; fileRef = F1C6815C2007B13B002703CA /* GoogleService-Info.plist */; };
		F1C681602007B17B002703CA /* User.swift in Sources */ = {isa = PBXBuildFile; fileRef = F1C6815F2007B17B002703CA /* User.swift */; };
		F1D6B44A2003BFB500DE23B4 /* Networking.swift in Sources */ = {isa = PBXBuildFile; fileRef = F1D6B4492003BFB500DE23B4 /* Networking.swift */; };
		F1DC5EF820039A6F003038E7 /* AppDelegate.swift in Sources */ = {isa = PBXBuildFile; fileRef = F1DC5EF720039A6F003038E7 /* AppDelegate.swift */; };
		F1DC5EFA20039A6F003038E7 /* ViewController.swift in Sources */ = {isa = PBXBuildFile; fileRef = F1DC5EF920039A6F003038E7 /* ViewController.swift */; };
		F1DC5EFD20039A6F003038E7 /* Main.storyboard in Resources */ = {isa = PBXBuildFile; fileRef = F1DC5EFB20039A6F003038E7 /* Main.storyboard */; };
		F1DC5F0020039A6F003038E7 /* MyBooks.xcdatamodeld in Sources */ = {isa = PBXBuildFile; fileRef = F1DC5EFE20039A6F003038E7 /* MyBooks.xcdatamodeld */; };
		F1DC5F0220039A6F003038E7 /* Assets.xcassets in Resources */ = {isa = PBXBuildFile; fileRef = F1DC5F0120039A6F003038E7 /* Assets.xcassets */; };
		F1DC5F0520039A6F003038E7 /* LaunchScreen.storyboard in Resources */ = {isa = PBXBuildFile; fileRef = F1DC5F0320039A6F003038E7 /* LaunchScreen.storyboard */; };
		F1FA3F9C2003DDB8004C6F81 /* XML.swift in Sources */ = {isa = PBXBuildFile; fileRef = F1FA3F9B2003DDB8004C6F81 /* XML.swift */; };
/* End PBXBuildFile section */

/* Begin PBXFileReference section */
		29D4CEEB36B8581B355D17CB /* Pods_MyBooks.framework */ = {isa = PBXFileReference; explicitFileType = wrapper.framework; includeInIndex = 0; path = Pods_MyBooks.framework; sourceTree = BUILT_PRODUCTS_DIR; };
		9D7A0F8866666C178ED8EAEB /* Pods-MyBooks.debug.xcconfig */ = {isa = PBXFileReference; includeInIndex = 1; lastKnownFileType = text.xcconfig; name = "Pods-MyBooks.debug.xcconfig"; path = "Pods/Target Support Files/Pods-MyBooks/Pods-MyBooks.debug.xcconfig"; sourceTree = "<group>"; };
		C7735DF047D2AAC706139B54 /* Pods-MyBooks.release.xcconfig */ = {isa = PBXFileReference; includeInIndex = 1; lastKnownFileType = text.xcconfig; name = "Pods-MyBooks.release.xcconfig"; path = "Pods/Target Support Files/Pods-MyBooks/Pods-MyBooks.release.xcconfig"; sourceTree = "<group>"; };
		F104538C2007E0C2000035AC /* VCExtension.swift */ = {isa = PBXFileReference; lastKnownFileType = sourcecode.swift; path = VCExtension.swift; sourceTree = "<group>"; };
		F10E6CDA200625B10075E6C3 /* Book.swift */ = {isa = PBXFileReference; lastKnownFileType = sourcecode.swift; path = Book.swift; sourceTree = "<group>"; };
		F10E6CDC200626A20075E6C3 /* Library.swift */ = {isa = PBXFileReference; lastKnownFileType = sourcecode.swift; path = Library.swift; sourceTree = "<group>"; };
		F15AADA920054C5500BEB80F /* XMLResult.swift */ = {isa = PBXFileReference; lastKnownFileType = sourcecode.swift; path = XMLResult.swift; sourceTree = "<group>"; };
		F1C6815C2007B13B002703CA /* GoogleService-Info.plist */ = {isa = PBXFileReference; fileEncoding = 4; lastKnownFileType = text.plist.xml; path = "GoogleService-Info.plist"; sourceTree = "<group>"; };
		F1C6815F2007B17B002703CA /* User.swift */ = {isa = PBXFileReference; lastKnownFileType = sourcecode.swift; path = User.swift; sourceTree = "<group>"; };
		F1D6B4492003BFB500DE23B4 /* Networking.swift */ = {isa = PBXFileReference; lastKnownFileType = sourcecode.swift; path = Networking.swift; sourceTree = "<group>"; };
		F1DC5EF420039A6F003038E7 /* MyBooks.app */ = {isa = PBXFileReference; explicitFileType = wrapper.application; includeInIndex = 0; path = MyBooks.app; sourceTree = BUILT_PRODUCTS_DIR; };
		F1DC5EF720039A6F003038E7 /* AppDelegate.swift */ = {isa = PBXFileReference; lastKnownFileType = sourcecode.swift; path = AppDelegate.swift; sourceTree = "<group>"; };
		F1DC5EF920039A6F003038E7 /* ViewController.swift */ = {isa = PBXFileReference; lastKnownFileType = sourcecode.swift; path = ViewController.swift; sourceTree = "<group>"; };
		F1DC5EFC20039A6F003038E7 /* Base */ = {isa = PBXFileReference; lastKnownFileType = file.storyboard; name = Base; path = Base.lproj/Main.storyboard; sourceTree = "<group>"; };
		F1DC5EFF20039A6F003038E7 /* MyBooks.xcdatamodel */ = {isa = PBXFileReference; lastKnownFileType = wrapper.xcdatamodel; path = MyBooks.xcdatamodel; sourceTree = "<group>"; };
		F1DC5F0120039A6F003038E7 /* Assets.xcassets */ = {isa = PBXFileReference; lastKnownFileType = folder.assetcatalog; path = Assets.xcassets; sourceTree = "<group>"; };
		F1DC5F0420039A6F003038E7 /* Base */ = {isa = PBXFileReference; lastKnownFileType = file.storyboard; name = Base; path = Base.lproj/LaunchScreen.storyboard; sourceTree = "<group>"; };
		F1DC5F0620039A6F003038E7 /* Info.plist */ = {isa = PBXFileReference; lastKnownFileType = text.plist.xml; path = Info.plist; sourceTree = "<group>"; };
		F1FA3F9B2003DDB8004C6F81 /* XML.swift */ = {isa = PBXFileReference; lastKnownFileType = sourcecode.swift; path = XML.swift; sourceTree = "<group>"; };
/* End PBXFileReference section */

/* Begin PBXFrameworksBuildPhase section */
		F1DC5EF120039A6F003038E7 /* Frameworks */ = {
			isa = PBXFrameworksBuildPhase;
			buildActionMask = 2147483647;
			files = (
				1572D75CD1AE8400F712AB35 /* Pods_MyBooks.framework in Frameworks */,
			);
			runOnlyForDeploymentPostprocessing = 0;
		};
/* End PBXFrameworksBuildPhase section */

/* Begin PBXGroup section */
		972D4703E3276703014060FB /* Pods */ = {
			isa = PBXGroup;
			children = (
				9D7A0F8866666C178ED8EAEB /* Pods-MyBooks.debug.xcconfig */,
				C7735DF047D2AAC706139B54 /* Pods-MyBooks.release.xcconfig */,
			);
			name = Pods;
			sourceTree = "<group>";
		};
		A479145859D37873B318DA84 /* Frameworks */ = {
			isa = PBXGroup;
			children = (
				29D4CEEB36B8581B355D17CB /* Pods_MyBooks.framework */,
			);
			name = Frameworks;
			sourceTree = "<group>";
		};
		F10E6CDE20062A1F0075E6C3 /* Library */ = {
			isa = PBXGroup;
			children = (
				F10E6CDC200626A20075E6C3 /* Library.swift */,
				F10E6CDA200625B10075E6C3 /* Book.swift */,
			);
			path = Library;
			sourceTree = "<group>";
		};
		F10E6CDF20062A2B0075E6C3 /* ViewControllers */ = {
			isa = PBXGroup;
			children = (
				F1DC5EF920039A6F003038E7 /* ViewController.swift */,
			);
			path = ViewControllers;
			sourceTree = "<group>";
		};
		F1C6815E2007B171002703CA /* Users */ = {
			isa = PBXGroup;
			children = (
				F1C6815F2007B17B002703CA /* User.swift */,
			);
			path = Users;
			sourceTree = "<group>";
		};
		F1D6B4482003BF9300DE23B4 /* Files */ = {
			isa = PBXGroup;
			children = (
				F1DC5EF720039A6F003038E7 /* AppDelegate.swift */,
			);
			path = Files;
			sourceTree = "<group>";
		};
		F1DC5EEB20039A6F003038E7 = {
			isa = PBXGroup;
			children = (
				F1DC5EF620039A6F003038E7 /* MyBooks */,
				F1DC5EF520039A6F003038E7 /* Products */,
				972D4703E3276703014060FB /* Pods */,
				A479145859D37873B318DA84 /* Frameworks */,
			);
			sourceTree = "<group>";
		};
		F1DC5EF520039A6F003038E7 /* Products */ = {
			isa = PBXGroup;
			children = (
				F1DC5EF420039A6F003038E7 /* MyBooks.app */,
			);
			name = Products;
			sourceTree = "<group>";
		};
		F1DC5EF620039A6F003038E7 /* MyBooks */ = {
			isa = PBXGroup;
			children = (
				F1C6815E2007B171002703CA /* Users */,
				F10E6CDF20062A2B0075E6C3 /* ViewControllers */,
				F10E6CDE20062A1F0075E6C3 /* Library */,
				F1E328CB200508CF003CE197 /* Extension Files */,
				F1FA3F9A2003DD98004C6F81 /* Networking Files */,
				F1D6B4482003BF9300DE23B4 /* Files */,
				F1DC5EFB20039A6F003038E7 /* Main.storyboard */,
				F1DC5F0120039A6F003038E7 /* Assets.xcassets */,
				F1DC5F0320039A6F003038E7 /* LaunchScreen.storyboard */,
				F1DC5F0620039A6F003038E7 /* Info.plist */,
				F1C6815C2007B13B002703CA /* GoogleService-Info.plist */,
				F1DC5EFE20039A6F003038E7 /* MyBooks.xcdatamodeld */,
			);
			path = MyBooks;
			sourceTree = "<group>";
		};
		F1E328CB200508CF003CE197 /* Extension Files */ = {
			isa = PBXGroup;
			children = (
				F104538C2007E0C2000035AC /* VCExtension.swift */,
			);
			path = "Extension Files";
			sourceTree = "<group>";
		};
		F1FA3F9A2003DD98004C6F81 /* Networking Files */ = {
			isa = PBXGroup;
			children = (
				F1D6B4492003BFB500DE23B4 /* Networking.swift */,
				F1FA3F9B2003DDB8004C6F81 /* XML.swift */,
				F15AADA920054C5500BEB80F /* XMLResult.swift */,
			);
			path = "Networking Files";
			sourceTree = "<group>";
		};
/* End PBXGroup section */

/* Begin PBXNativeTarget section */
		F1DC5EF320039A6F003038E7 /* MyBooks */ = {
			isa = PBXNativeTarget;
			buildConfigurationList = F1DC5F0920039A6F003038E7 /* Build configuration list for PBXNativeTarget "MyBooks" */;
			buildPhases = (
				6D905D1F3454DE20611A0363 /* [CP] Check Pods Manifest.lock */,
				F1DC5EF020039A6F003038E7 /* Sources */,
				F1DC5EF120039A6F003038E7 /* Frameworks */,
				F1DC5EF220039A6F003038E7 /* Resources */,
				8FA96B1A691B87440A8287B2 /* [CP] Embed Pods Frameworks */,
				EFA46C089887075FF67C5DD7 /* [CP] Copy Pods Resources */,
			);
			buildRules = (
			);
			dependencies = (
			);
			name = MyBooks;
			productName = MyBooks;
			productReference = F1DC5EF420039A6F003038E7 /* MyBooks.app */;
			productType = "com.apple.product-type.application";
		};
/* End PBXNativeTarget section */

/* Begin PBXProject section */
		F1DC5EEC20039A6F003038E7 /* Project object */ = {
			isa = PBXProject;
			attributes = {
				LastSwiftUpdateCheck = 0920;
				LastUpgradeCheck = 0920;
				ORGANIZATIONNAME = "Andrei Vataselu";
				TargetAttributes = {
					F1DC5EF320039A6F003038E7 = {
						CreatedOnToolsVersion = 9.2;
						ProvisioningStyle = Automatic;
					};
				};
			};
			buildConfigurationList = F1DC5EEF20039A6F003038E7 /* Build configuration list for PBXProject "MyBooks" */;
			compatibilityVersion = "Xcode 8.0";
			developmentRegion = en;
			hasScannedForEncodings = 0;
			knownRegions = (
				en,
				Base,
			);
			mainGroup = F1DC5EEB20039A6F003038E7;
			productRefGroup = F1DC5EF520039A6F003038E7 /* Products */;
			projectDirPath = "";
			projectRoot = "";
			targets = (
				F1DC5EF320039A6F003038E7 /* MyBooks */,
			);
		};
/* End PBXProject section */

/* Begin PBXResourcesBuildPhase section */
		F1DC5EF220039A6F003038E7 /* Resources */ = {
			isa = PBXResourcesBuildPhase;
			buildActionMask = 2147483647;
			files = (
				F1DC5F0520039A6F003038E7 /* LaunchScreen.storyboard in Resources */,
				F1C6815D2007B13B002703CA /* GoogleService-Info.plist in Resources */,
				F1DC5F0220039A6F003038E7 /* Assets.xcassets in Resources */,
				F1DC5EFD20039A6F003038E7 /* Main.storyboard in Resources */,
			);
			runOnlyForDeploymentPostprocessing = 0;
		};
/* End PBXResourcesBuildPhase section */

/* Begin PBXShellScriptBuildPhase section */
		6D905D1F3454DE20611A0363 /* [CP] Check Pods Manifest.lock */ = {
			isa = PBXShellScriptBuildPhase;
			buildActionMask = 2147483647;
			files = (
			);
			inputPaths = (
				"${PODS_PODFILE_DIR_PATH}/Podfile.lock",
				"${PODS_ROOT}/Manifest.lock",
			);
			name = "[CP] Check Pods Manifest.lock";
			outputPaths = (
				"$(DERIVED_FILE_DIR)/Pods-MyBooks-checkManifestLockResult.txt",
			);
			runOnlyForDeploymentPostprocessing = 0;
			shellPath = /bin/sh;
			shellScript = "diff \"${PODS_PODFILE_DIR_PATH}/Podfile.lock\" \"${PODS_ROOT}/Manifest.lock\" > /dev/null\nif [ $? != 0 ] ; then\n    # print error to STDERR\n    echo \"error: The sandbox is not in sync with the Podfile.lock. Run 'pod install' or update your CocoaPods installation.\" >&2\n    exit 1\nfi\n# This output is used by Xcode 'outputs' to avoid re-running this script phase.\necho \"SUCCESS\" > \"${SCRIPT_OUTPUT_FILE_0}\"\n";
			showEnvVarsInLog = 0;
		};
		8FA96B1A691B87440A8287B2 /* [CP] Embed Pods Frameworks */ = {
			isa = PBXShellScriptBuildPhase;
			buildActionMask = 2147483647;
			files = (
			);
			inputPaths = (
				"${SRCROOT}/Pods/Target Support Files/Pods-MyBooks/Pods-MyBooks-frameworks.sh",
				"${BUILT_PRODUCTS_DIR}/Alamofire/Alamofire.framework",
				"${BUILT_PRODUCTS_DIR}/BarcodeScanner/BarcodeScanner.framework",
				"${BUILT_PRODUCTS_DIR}/GTMSessionFetcher/GTMSessionFetcher.framework",
				"${BUILT_PRODUCTS_DIR}/GoogleToolboxForMac/GoogleToolboxForMac.framework",
				"${BUILT_PRODUCTS_DIR}/Kingfisher/Kingfisher.framework",
				"${BUILT_PRODUCTS_DIR}/SWXMLHash/SWXMLHash.framework",
				"${BUILT_PRODUCTS_DIR}/SwiftyJSON/SwiftyJSON.framework",
				"${BUILT_PRODUCTS_DIR}/leveldb-library/leveldb.framework",
				"${BUILT_PRODUCTS_DIR}/nanopb/nanopb.framework",
			);
			name = "[CP] Embed Pods Frameworks";
			outputPaths = (
				"${TARGET_BUILD_DIR}/${FRAMEWORKS_FOLDER_PATH}/Alamofire.framework",
				"${TARGET_BUILD_DIR}/${FRAMEWORKS_FOLDER_PATH}/BarcodeScanner.framework",
				"${TARGET_BUILD_DIR}/${FRAMEWORKS_FOLDER_PATH}/GTMSessionFetcher.framework",
				"${TARGET_BUILD_DIR}/${FRAMEWORKS_FOLDER_PATH}/GoogleToolboxForMac.framework",
				"${TARGET_BUILD_DIR}/${FRAMEWORKS_FOLDER_PATH}/Kingfisher.framework",
				"${TARGET_BUILD_DIR}/${FRAMEWORKS_FOLDER_PATH}/SWXMLHash.framework",
				"${TARGET_BUILD_DIR}/${FRAMEWORKS_FOLDER_PATH}/SwiftyJSON.framework",
				"${TARGET_BUILD_DIR}/${FRAMEWORKS_FOLDER_PATH}/leveldb.framework",
				"${TARGET_BUILD_DIR}/${FRAMEWORKS_FOLDER_PATH}/nanopb.framework",
			);
			runOnlyForDeploymentPostprocessing = 0;
			shellPath = /bin/sh;
			shellScript = "\"${SRCROOT}/Pods/Target Support Files/Pods-MyBooks/Pods-MyBooks-frameworks.sh\"\n";
			showEnvVarsInLog = 0;
		};
		EFA46C089887075FF67C5DD7 /* [CP] Copy Pods Resources */ = {
			isa = PBXShellScriptBuildPhase;
			buildActionMask = 2147483647;
			files = (
			);
			inputPaths = (
			);
			name = "[CP] Copy Pods Resources";
			outputPaths = (
			);
			runOnlyForDeploymentPostprocessing = 0;
			shellPath = /bin/sh;
			shellScript = "\"${SRCROOT}/Pods/Target Support Files/Pods-MyBooks/Pods-MyBooks-resources.sh\"\n";
			showEnvVarsInLog = 0;
		};
/* End PBXShellScriptBuildPhase section */

/* Begin PBXSourcesBuildPhase section */
		F1DC5EF020039A6F003038E7 /* Sources */ = {
			isa = PBXSourcesBuildPhase;
			buildActionMask = 2147483647;
			files = (
				F104538D2007E0C2000035AC /* VCExtension.swift in Sources */,
				F15AADAA20054C5500BEB80F /* XMLResult.swift in Sources */,
				F1FA3F9C2003DDB8004C6F81 /* XML.swift in Sources */,
				F10E6CDB200625B10075E6C3 /* Book.swift in Sources */,
				F10E6CDD200626A20075E6C3 /* Library.swift in Sources */,
				F1DC5EFA20039A6F003038E7 /* ViewController.swift in Sources */,
				F1C681602007B17B002703CA /* User.swift in Sources */,
				F1DC5EF820039A6F003038E7 /* AppDelegate.swift in Sources */,
				F1DC5F0020039A6F003038E7 /* MyBooks.xcdatamodeld in Sources */,
				F1D6B44A2003BFB500DE23B4 /* Networking.swift in Sources */,
			);
			runOnlyForDeploymentPostprocessing = 0;
		};
/* End PBXSourcesBuildPhase section */

/* Begin PBXVariantGroup section */
		F1DC5EFB20039A6F003038E7 /* Main.storyboard */ = {
			isa = PBXVariantGroup;
			children = (
				F1DC5EFC20039A6F003038E7 /* Base */,
			);
			name = Main.storyboard;
			sourceTree = "<group>";
		};
		F1DC5F0320039A6F003038E7 /* LaunchScreen.storyboard */ = {
			isa = PBXVariantGroup;
			children = (
				F1DC5F0420039A6F003038E7 /* Base */,
			);
			name = LaunchScreen.storyboard;
			sourceTree = "<group>";
		};
/* End PBXVariantGroup section */

/* Begin XCBuildConfiguration section */
		F1DC5F0720039A6F003038E7 /* Debug */ = {
			isa = XCBuildConfiguration;
			buildSettings = {
				ALWAYS_SEARCH_USER_PATHS = NO;
				CLANG_ANALYZER_NONNULL = YES;
				CLANG_ANALYZER_NUMBER_OBJECT_CONVERSION = YES_AGGRESSIVE;
				CLANG_CXX_LANGUAGE_STANDARD = "gnu++14";
				CLANG_CXX_LIBRARY = "libc++";
				CLANG_ENABLE_MODULES = YES;
				CLANG_ENABLE_OBJC_ARC = YES;
				CLANG_WARN_BLOCK_CAPTURE_AUTORELEASING = YES;
				CLANG_WARN_BOOL_CONVERSION = YES;
				CLANG_WARN_COMMA = YES;
				CLANG_WARN_CONSTANT_CONVERSION = YES;
				CLANG_WARN_DIRECT_OBJC_ISA_USAGE = YES_ERROR;
				CLANG_WARN_DOCUMENTATION_COMMENTS = YES;
				CLANG_WARN_EMPTY_BODY = YES;
				CLANG_WARN_ENUM_CONVERSION = YES;
				CLANG_WARN_INFINITE_RECURSION = YES;
				CLANG_WARN_INT_CONVERSION = YES;
				CLANG_WARN_NON_LITERAL_NULL_CONVERSION = YES;
				CLANG_WARN_OBJC_LITERAL_CONVERSION = YES;
				CLANG_WARN_OBJC_ROOT_CLASS = YES_ERROR;
				CLANG_WARN_RANGE_LOOP_ANALYSIS = YES;
				CLANG_WARN_STRICT_PROTOTYPES = YES;
				CLANG_WARN_SUSPICIOUS_MOVE = YES;
				CLANG_WARN_UNGUARDED_AVAILABILITY = YES_AGGRESSIVE;
				CLANG_WARN_UNREACHABLE_CODE = YES;
				CLANG_WARN__DUPLICATE_METHOD_MATCH = YES;
				CODE_SIGN_IDENTITY = "iPhone Developer";
				COPY_PHASE_STRIP = NO;
				DEBUG_INFORMATION_FORMAT = dwarf;
				ENABLE_STRICT_OBJC_MSGSEND = YES;
				ENABLE_TESTABILITY = YES;
				GCC_C_LANGUAGE_STANDARD = gnu11;
				GCC_DYNAMIC_NO_PIC = NO;
				GCC_NO_COMMON_BLOCKS = YES;
				GCC_OPTIMIZATION_LEVEL = 0;
				GCC_PREPROCESSOR_DEFINITIONS = (
					"DEBUG=1",
					"$(inherited)",
				);
				GCC_WARN_64_TO_32_BIT_CONVERSION = YES;
				GCC_WARN_ABOUT_RETURN_TYPE = YES_ERROR;
				GCC_WARN_UNDECLARED_SELECTOR = YES;
				GCC_WARN_UNINITIALIZED_AUTOS = YES_AGGRESSIVE;
				GCC_WARN_UNUSED_FUNCTION = YES;
				GCC_WARN_UNUSED_VARIABLE = YES;
				IPHONEOS_DEPLOYMENT_TARGET = 11.2;
				MTL_ENABLE_DEBUG_INFO = YES;
				ONLY_ACTIVE_ARCH = YES;
				SDKROOT = iphoneos;
				SWIFT_ACTIVE_COMPILATION_CONDITIONS = DEBUG;
				SWIFT_OPTIMIZATION_LEVEL = "-Onone";
			};
			name = Debug;
		};
		F1DC5F0820039A6F003038E7 /* Release */ = {
			isa = XCBuildConfiguration;
			buildSettings = {
				ALWAYS_SEARCH_USER_PATHS = NO;
				CLANG_ANALYZER_NONNULL = YES;
				CLANG_ANALYZER_NUMBER_OBJECT_CONVERSION = YES_AGGRESSIVE;
				CLANG_CXX_LANGUAGE_STANDARD = "gnu++14";
				CLANG_CXX_LIBRARY = "libc++";
				CLANG_ENABLE_MODULES = YES;
				CLANG_ENABLE_OBJC_ARC = YES;
				CLANG_WARN_BLOCK_CAPTURE_AUTORELEASING = YES;
				CLANG_WARN_BOOL_CONVERSION = YES;
				CLANG_WARN_COMMA = YES;
				CLANG_WARN_CONSTANT_CONVERSION = YES;
				CLANG_WARN_DIRECT_OBJC_ISA_USAGE = YES_ERROR;
				CLANG_WARN_DOCUMENTATION_COMMENTS = YES;
				CLANG_WARN_EMPTY_BODY = YES;
				CLANG_WARN_ENUM_CONVERSION = YES;
				CLANG_WARN_INFINITE_RECURSION = YES;
				CLANG_WARN_INT_CONVERSION = YES;
				CLANG_WARN_NON_LITERAL_NULL_CONVERSION = YES;
				CLANG_WARN_OBJC_LITERAL_CONVERSION = YES;
				CLANG_WARN_OBJC_ROOT_CLASS = YES_ERROR;
				CLANG_WARN_RANGE_LOOP_ANALYSIS = YES;
				CLANG_WARN_STRICT_PROTOTYPES = YES;
				CLANG_WARN_SUSPICIOUS_MOVE = YES;
				CLANG_WARN_UNGUARDED_AVAILABILITY = YES_AGGRESSIVE;
				CLANG_WARN_UNREACHABLE_CODE = YES;
				CLANG_WARN__DUPLICATE_METHOD_MATCH = YES;
				CODE_SIGN_IDENTITY = "iPhone Developer";
				COPY_PHASE_STRIP = NO;
				DEBUG_INFORMATION_FORMAT = "dwarf-with-dsym";
				ENABLE_NS_ASSERTIONS = NO;
				ENABLE_STRICT_OBJC_MSGSEND = YES;
				GCC_C_LANGUAGE_STANDARD = gnu11;
				GCC_NO_COMMON_BLOCKS = YES;
				GCC_WARN_64_TO_32_BIT_CONVERSION = YES;
				GCC_WARN_ABOUT_RETURN_TYPE = YES_ERROR;
				GCC_WARN_UNDECLARED_SELECTOR = YES;
				GCC_WARN_UNINITIALIZED_AUTOS = YES_AGGRESSIVE;
				GCC_WARN_UNUSED_FUNCTION = YES;
				GCC_WARN_UNUSED_VARIABLE = YES;
				IPHONEOS_DEPLOYMENT_TARGET = 11.2;
				MTL_ENABLE_DEBUG_INFO = NO;
				SDKROOT = iphoneos;
				SWIFT_OPTIMIZATION_LEVEL = "-Owholemodule";
				VALIDATE_PRODUCT = YES;
			};
			name = Release;
		};
		F1DC5F0A20039A6F003038E7 /* Debug */ = {
			isa = XCBuildConfiguration;
			baseConfigurationReference = 9D7A0F8866666C178ED8EAEB /* Pods-MyBooks.debug.xcconfig */;
			buildSettings = {
				ASSETCATALOG_COMPILER_APPICON_NAME = AppIcon;
				CODE_SIGN_STYLE = Automatic;
				DEVELOPMENT_TEAM = KVZCD8H3X4;
				INFOPLIST_FILE = MyBooks/Info.plist;
				LD_RUNPATH_SEARCH_PATHS = "$(inherited) @executable_path/Frameworks";
				PRODUCT_BUNDLE_IDENTIFIER = com.andreivataselu.mybooks;
				PRODUCT_NAME = "$(TARGET_NAME)";
				SWIFT_VERSION = 4.0;
				TARGETED_DEVICE_FAMILY = "1,2";
			};
			name = Debug;
		};
		F1DC5F0B20039A6F003038E7 /* Release */ = {
			isa = XCBuildConfiguration;
			baseConfigurationReference = C7735DF047D2AAC706139B54 /* Pods-MyBooks.release.xcconfig */;
			buildSettings = {
				ASSETCATALOG_COMPILER_APPICON_NAME = AppIcon;
				CODE_SIGN_STYLE = Automatic;
				DEVELOPMENT_TEAM = KVZCD8H3X4;
				INFOPLIST_FILE = MyBooks/Info.plist;
				LD_RUNPATH_SEARCH_PATHS = "$(inherited) @executable_path/Frameworks";
				PRODUCT_BUNDLE_IDENTIFIER = com.andreivataselu.mybooks;
				PRODUCT_NAME = "$(TARGET_NAME)";
				SWIFT_VERSION = 4.0;
				TARGETED_DEVICE_FAMILY = "1,2";
			};
			name = Release;
		};
/* End XCBuildConfiguration section */

/* Begin XCConfigurationList section */
		F1DC5EEF20039A6F003038E7 /* Build configuration list for PBXProject "MyBooks" */ = {
			isa = XCConfigurationList;
			buildConfigurations = (
				F1DC5F0720039A6F003038E7 /* Debug */,
				F1DC5F0820039A6F003038E7 /* Release */,
			);
			defaultConfigurationIsVisible = 0;
			defaultConfigurationName = Release;
		};
		F1DC5F0920039A6F003038E7 /* Build configuration list for PBXNativeTarget "MyBooks" */ = {
			isa = XCConfigurationList;
			buildConfigurations = (
				F1DC5F0A20039A6F003038E7 /* Debug */,
				F1DC5F0B20039A6F003038E7 /* Release */,
			);
			defaultConfigurationIsVisible = 0;
			defaultConfigurationName = Release;
		};
/* End XCConfigurationList section */

/* Begin XCVersionGroup section */
		F1DC5EFE20039A6F003038E7 /* MyBooks.xcdatamodeld */ = {
			isa = XCVersionGroup;
			children = (
				F1DC5EFF20039A6F003038E7 /* MyBooks.xcdatamodel */,
			);
			currentVersion = F1DC5EFF20039A6F003038E7 /* MyBooks.xcdatamodel */;
			path = MyBooks.xcdatamodeld;
			sourceTree = "<group>";
			versionGroupType = wrapper.xcdatamodel;
		};
/* End XCVersionGroup section */
	};
	rootObject = F1DC5EEC20039A6F003038E7 /* Project object */;
}
